// !$*UTF8*$!
{
	archiveVersion = 1;
	classes = {
	};
	objectVersion = 50;
	objects = {

/* Begin PBXBuildFile section */
		7266A3A3263F319500B509AE /* AppDelegate.swift in Sources */ = {isa = PBXBuildFile; fileRef = 7266A3A2263F319500B509AE /* AppDelegate.swift */; };
		7266A3AC263F319B00B509AE /* Assets.xcassets in Resources */ = {isa = PBXBuildFile; fileRef = 7266A3AB263F319B00B509AE /* Assets.xcassets */; };
		7266A3AF263F319B00B509AE /* LaunchScreen.storyboard in Resources */ = {isa = PBXBuildFile; fileRef = 7266A3AD263F319B00B509AE /* LaunchScreen.storyboard */; };
		7266A3C0263F32E500B509AE /* CustomSearchBarView.swift in Sources */ = {isa = PBXBuildFile; fileRef = 7266A3BF263F32E500B509AE /* CustomSearchBarView.swift */; };
		7266A3C4263F330000B509AE /* CustomSearchBarView.xib in Resources */ = {isa = PBXBuildFile; fileRef = 7266A3C3263F330000B509AE /* CustomSearchBarView.xib */; };
		7266A3C9263F35B600B509AE /* ClassRoomViewController.swift in Sources */ = {isa = PBXBuildFile; fileRef = 7266A3C7263F35B600B509AE /* ClassRoomViewController.swift */; };
		7266A3CA263F35B600B509AE /* ClassRoomViewController.xib in Resources */ = {isa = PBXBuildFile; fileRef = 7266A3C8263F35B600B509AE /* ClassRoomViewController.xib */; };
		7266A3D0263F38BD00B509AE /* ColorAssets.xcassets in Resources */ = {isa = PBXBuildFile; fileRef = 7266A3CF263F38BD00B509AE /* ColorAssets.xcassets */; };
		7266A3D3263F39D300B509AE /* ImageAssets.xcassets in Resources */ = {isa = PBXBuildFile; fileRef = 7266A3D2263F39D300B509AE /* ImageAssets.xcassets */; };
		7266A3D6263F3A4900B509AE /* generated.json in Resources */ = {isa = PBXBuildFile; fileRef = 7266A3D5263F3A4900B509AE /* generated.json */; };
		7266A3D9263F3A9600B509AE /* StudyingClassModel.swift in Sources */ = {isa = PBXBuildFile; fileRef = 7266A3D8263F3A9600B509AE /* StudyingClassModel.swift */; };
		7266A3DE263F3BD100B509AE /* StudyingClassTableViewCell.swift in Sources */ = {isa = PBXBuildFile; fileRef = 7266A3DC263F3BD100B509AE /* StudyingClassTableViewCell.swift */; };
		7266A3DF263F3BD100B509AE /* StudyingClassTableViewCell.xib in Resources */ = {isa = PBXBuildFile; fileRef = 7266A3DD263F3BD100B509AE /* StudyingClassTableViewCell.xib */; };
		7266A3E4263F3CF800B509AE /* DateFormatter+Ex.swift in Sources */ = {isa = PBXBuildFile; fileRef = 7266A3E3263F3CF800B509AE /* DateFormatter+Ex.swift */; };
		7266A3E7263F3D1500B509AE /* Date+Ex.swift in Sources */ = {isa = PBXBuildFile; fileRef = 7266A3E6263F3D1500B509AE /* Date+Ex.swift */; };
/* End PBXBuildFile section */

/* Begin PBXFileReference section */
		7266A39F263F319500B509AE /* TZSolvelt.app */ = {isa = PBXFileReference; explicitFileType = wrapper.application; includeInIndex = 0; path = TZSolvelt.app; sourceTree = BUILT_PRODUCTS_DIR; };
		7266A3A2263F319500B509AE /* AppDelegate.swift */ = {isa = PBXFileReference; lastKnownFileType = sourcecode.swift; path = AppDelegate.swift; sourceTree = "<group>"; };
		7266A3AB263F319B00B509AE /* Assets.xcassets */ = {isa = PBXFileReference; lastKnownFileType = folder.assetcatalog; path = Assets.xcassets; sourceTree = "<group>"; };
		7266A3AE263F319B00B509AE /* Base */ = {isa = PBXFileReference; lastKnownFileType = file.storyboard; name = Base; path = Base.lproj/LaunchScreen.storyboard; sourceTree = "<group>"; };
		7266A3B0263F319B00B509AE /* Info.plist */ = {isa = PBXFileReference; lastKnownFileType = text.plist.xml; path = Info.plist; sourceTree = "<group>"; };
		7266A3BF263F32E500B509AE /* CustomSearchBarView.swift */ = {isa = PBXFileReference; lastKnownFileType = sourcecode.swift; path = CustomSearchBarView.swift; sourceTree = "<group>"; };
		7266A3C3263F330000B509AE /* CustomSearchBarView.xib */ = {isa = PBXFileReference; lastKnownFileType = file.xib; path = CustomSearchBarView.xib; sourceTree = "<group>"; };
		7266A3C7263F35B600B509AE /* ClassRoomViewController.swift */ = {isa = PBXFileReference; lastKnownFileType = sourcecode.swift; path = ClassRoomViewController.swift; sourceTree = "<group>"; };
		7266A3C8263F35B600B509AE /* ClassRoomViewController.xib */ = {isa = PBXFileReference; lastKnownFileType = file.xib; path = ClassRoomViewController.xib; sourceTree = "<group>"; };
		7266A3CF263F38BD00B509AE /* ColorAssets.xcassets */ = {isa = PBXFileReference; lastKnownFileType = folder.assetcatalog; path = ColorAssets.xcassets; sourceTree = "<group>"; };
		7266A3D2263F39D300B509AE /* ImageAssets.xcassets */ = {isa = PBXFileReference; lastKnownFileType = folder.assetcatalog; path = ImageAssets.xcassets; sourceTree = "<group>"; };
		7266A3D5263F3A4900B509AE /* generated.json */ = {isa = PBXFileReference; fileEncoding = 4; lastKnownFileType = text.json; path = generated.json; sourceTree = "<group>"; };
		7266A3D8263F3A9600B509AE /* StudyingClassModel.swift */ = {isa = PBXFileReference; lastKnownFileType = sourcecode.swift; path = StudyingClassModel.swift; sourceTree = "<group>"; };
		7266A3DC263F3BD100B509AE /* StudyingClassTableViewCell.swift */ = {isa = PBXFileReference; lastKnownFileType = sourcecode.swift; path = StudyingClassTableViewCell.swift; sourceTree = "<group>"; };
		7266A3DD263F3BD100B509AE /* StudyingClassTableViewCell.xib */ = {isa = PBXFileReference; lastKnownFileType = file.xib; path = StudyingClassTableViewCell.xib; sourceTree = "<group>"; };
		7266A3E3263F3CF800B509AE /* DateFormatter+Ex.swift */ = {isa = PBXFileReference; lastKnownFileType = sourcecode.swift; path = "DateFormatter+Ex.swift"; sourceTree = "<group>"; };
		7266A3E6263F3D1500B509AE /* Date+Ex.swift */ = {isa = PBXFileReference; lastKnownFileType = sourcecode.swift; path = "Date+Ex.swift"; sourceTree = "<group>"; };
/* End PBXFileReference section */

/* Begin PBXFrameworksBuildPhase section */
		7266A39C263F319500B509AE /* Frameworks */ = {
			isa = PBXFrameworksBuildPhase;
			buildActionMask = 2147483647;
			files = (
			);
			runOnlyForDeploymentPostprocessing = 0;
		};
/* End PBXFrameworksBuildPhase section */

/* Begin PBXGroup section */
		7266A396263F319500B509AE = {
			isa = PBXGroup;
			children = (
				7266A3A1263F319500B509AE /* TZSolvelt */,
				7266A3A0263F319500B509AE /* Products */,
			);
			sourceTree = "<group>";
		};
		7266A3A0263F319500B509AE /* Products */ = {
			isa = PBXGroup;
			children = (
				7266A39F263F319500B509AE /* TZSolvelt.app */,
			);
			name = Products;
			sourceTree = "<group>";
		};
		7266A3A1263F319500B509AE /* TZSolvelt */ = {
			isa = PBXGroup;
			children = (
				7266A3C6263F357B00B509AE /* ClassRoom */,
				7266A3BD263F32B800B509AE /* Common */,
				7266A3CE263F388400B509AE /* Resources */,
				7266A3E2263F3CB400B509AE /* Extensions */,
				7266A3A2263F319500B509AE /* AppDelegate.swift */,
				7266A3AD263F319B00B509AE /* LaunchScreen.storyboard */,
				7266A3B0263F319B00B509AE /* Info.plist */,
			);
			path = TZSolvelt;
			sourceTree = "<group>";
		};
		7266A3BD263F32B800B509AE /* Common */ = {
			isa = PBXGroup;
			children = (
				7266A3BE263F32C200B509AE /* CustomSearchBar */,
			);
			path = Common;
			sourceTree = "<group>";
		};
		7266A3BE263F32C200B509AE /* CustomSearchBar */ = {
			isa = PBXGroup;
			children = (
				7266A3BF263F32E500B509AE /* CustomSearchBarView.swift */,
				7266A3C3263F330000B509AE /* CustomSearchBarView.xib */,
			);
			path = CustomSearchBar;
			sourceTree = "<group>";
		};
		7266A3C6263F357B00B509AE /* ClassRoom */ = {
			isa = PBXGroup;
			children = (
				7266A3DB263F3B9800B509AE /* Cell */,
				7266A3CD263F384F00B509AE /* Model */,
				7266A3C7263F35B600B509AE /* ClassRoomViewController.swift */,
				7266A3C8263F35B600B509AE /* ClassRoomViewController.xib */,
			);
			path = ClassRoom;
			sourceTree = "<group>";
		};
		7266A3CD263F384F00B509AE /* Model */ = {
			isa = PBXGroup;
			children = (
				7266A3D8263F3A9600B509AE /* StudyingClassModel.swift */,
			);
			path = Model;
			sourceTree = "<group>";
		};
		7266A3CE263F388400B509AE /* Resources */ = {
			isa = PBXGroup;
			children = (
				7266A3AB263F319B00B509AE /* Assets.xcassets */,
				7266A3CF263F38BD00B509AE /* ColorAssets.xcassets */,
				7266A3D2263F39D300B509AE /* ImageAssets.xcassets */,
				7266A3D5263F3A4900B509AE /* generated.json */,
			);
			path = Resources;
			sourceTree = "<group>";
		};
		7266A3DB263F3B9800B509AE /* Cell */ = {
			isa = PBXGroup;
			children = (
				7266A3DC263F3BD100B509AE /* StudyingClassTableViewCell.swift */,
				7266A3DD263F3BD100B509AE /* StudyingClassTableViewCell.xib */,
			);
			path = Cell;
			sourceTree = "<group>";
		};
		7266A3E2263F3CB400B509AE /* Extensions */ = {
			isa = PBXGroup;
			children = (
				7266A3E3263F3CF800B509AE /* DateFormatter+Ex.swift */,
				7266A3E6263F3D1500B509AE /* Date+Ex.swift */,
			);
			path = Extensions;
			sourceTree = "<group>";
		};
/* End PBXGroup section */

/* Begin PBXNativeTarget section */
		7266A39E263F319500B509AE /* TZSolvelt */ = {
			isa = PBXNativeTarget;
			buildConfigurationList = 7266A3B3263F319B00B509AE /* Build configuration list for PBXNativeTarget "TZSolvelt" */;
			buildPhases = (
				7266A39B263F319500B509AE /* Sources */,
				7266A39C263F319500B509AE /* Frameworks */,
				7266A39D263F319500B509AE /* Resources */,
			);
			buildRules = (
			);
			dependencies = (
			);
			name = TZSolvelt;
			productName = TZSolvelt;
			productReference = 7266A39F263F319500B509AE /* TZSolvelt.app */;
			productType = "com.apple.product-type.application";
		};
/* End PBXNativeTarget section */

/* Begin PBXProject section */
		7266A397263F319500B509AE /* Project object */ = {
			isa = PBXProject;
			attributes = {
				LastSwiftUpdateCheck = 1240;
				LastUpgradeCheck = 1240;
				TargetAttributes = {
					7266A39E263F319500B509AE = {
						CreatedOnToolsVersion = 12.4;
					};
				};
			};
			buildConfigurationList = 7266A39A263F319500B509AE /* Build configuration list for PBXProject "TZSolvelt" */;
			compatibilityVersion = "Xcode 9.3";
			developmentRegion = en;
			hasScannedForEncodings = 0;
			knownRegions = (
				en,
				Base,
			);
			mainGroup = 7266A396263F319500B509AE;
			productRefGroup = 7266A3A0263F319500B509AE /* Products */;
			projectDirPath = "";
			projectRoot = "";
			targets = (
				7266A39E263F319500B509AE /* TZSolvelt */,
			);
		};
/* End PBXProject section */

/* Begin PBXResourcesBuildPhase section */
		7266A39D263F319500B509AE /* Resources */ = {
			isa = PBXResourcesBuildPhase;
			buildActionMask = 2147483647;
			files = (
				7266A3D0263F38BD00B509AE /* ColorAssets.xcassets in Resources */,
				7266A3C4263F330000B509AE /* CustomSearchBarView.xib in Resources */,
				7266A3D6263F3A4900B509AE /* generated.json in Resources */,
				7266A3D3263F39D300B509AE /* ImageAssets.xcassets in Resources */,
				7266A3AF263F319B00B509AE /* LaunchScreen.storyboard in Resources */,
				7266A3CA263F35B600B509AE /* ClassRoomViewController.xib in Resources */,
				7266A3AC263F319B00B509AE /* Assets.xcassets in Resources */,
				7266A3DF263F3BD100B509AE /* StudyingClassTableViewCell.xib in Resources */,
			);
			runOnlyForDeploymentPostprocessing = 0;
		};
/* End PBXResourcesBuildPhase section */

/* Begin PBXSourcesBuildPhase section */
		7266A39B263F319500B509AE /* Sources */ = {
			isa = PBXSourcesBuildPhase;
			buildActionMask = 2147483647;
			files = (
				7266A3DE263F3BD100B509AE /* StudyingClassTableViewCell.swift in Sources */,
				7266A3E4263F3CF800B509AE /* DateFormatter+Ex.swift in Sources */,
				7266A3A3263F319500B509AE /* AppDelegate.swift in Sources */,
				7266A3D9263F3A9600B509AE /* StudyingClassModel.swift in Sources */,
				7266A3E7263F3D1500B509AE /* Date+Ex.swift in Sources */,
				7266A3C9263F35B600B509AE /* ClassRoomViewController.swift in Sources */,
				7266A3C0263F32E500B509AE /* CustomSearchBarView.swift in Sources */,
			);
			runOnlyForDeploymentPostprocessing = 0;
		};
/* End PBXSourcesBuildPhase section */

/* Begin PBXVariantGroup section */
		7266A3AD263F319B00B509AE /* LaunchScreen.storyboard */ = {
			isa = PBXVariantGroup;
			children = (
				7266A3AE263F319B00B509AE /* Base */,
			);
			name = LaunchScreen.storyboard;
			sourceTree = "<group>";
		};
/* End PBXVariantGroup section */

/* Begin XCBuildConfiguration section */
		7266A3B1263F319B00B509AE /* Debug */ = {
			isa = XCBuildConfiguration;
			buildSettings = {
				ALWAYS_SEARCH_USER_PATHS = NO;
				CLANG_ANALYZER_NONNULL = YES;
				CLANG_ANALYZER_NUMBER_OBJECT_CONVERSION = YES_AGGRESSIVE;
				CLANG_CXX_LANGUAGE_STANDARD = "gnu++14";
				CLANG_CXX_LIBRARY = "libc++";
				CLANG_ENABLE_MODULES = YES;
				CLANG_ENABLE_OBJC_ARC = YES;
				CLANG_ENABLE_OBJC_WEAK = YES;
				CLANG_WARN_BLOCK_CAPTURE_AUTORELEASING = YES;
				CLANG_WARN_BOOL_CONVERSION = YES;
				CLANG_WARN_COMMA = YES;
				CLANG_WARN_CONSTANT_CONVERSION = YES;
				CLANG_WARN_DEPRECATED_OBJC_IMPLEMENTATIONS = YES;
				CLANG_WARN_DIRECT_OBJC_ISA_USAGE = YES_ERROR;
				CLANG_WARN_DOCUMENTATION_COMMENTS = YES;
				CLANG_WARN_EMPTY_BODY = YES;
				CLANG_WARN_ENUM_CONVERSION = YES;
				CLANG_WARN_INFINITE_RECURSION = YES;
				CLANG_WARN_INT_CONVERSION = YES;
				CLANG_WARN_NON_LITERAL_NULL_CONVERSION = YES;
				CLANG_WARN_OBJC_IMPLICIT_RETAIN_SELF = YES;
				CLANG_WARN_OBJC_LITERAL_CONVERSION = YES;
				CLANG_WARN_OBJC_ROOT_CLASS = YES_ERROR;
				CLANG_WARN_QUOTED_INCLUDE_IN_FRAMEWORK_HEADER = YES;
				CLANG_WARN_RANGE_LOOP_ANALYSIS = YES;
				CLANG_WARN_STRICT_PROTOTYPES = YES;
				CLANG_WARN_SUSPICIOUS_MOVE = YES;
				CLANG_WARN_UNGUARDED_AVAILABILITY = YES_AGGRESSIVE;
				CLANG_WARN_UNREACHABLE_CODE = YES;
				CLANG_WARN__DUPLICATE_METHOD_MATCH = YES;
				COPY_PHASE_STRIP = NO;
				DEBUG_INFORMATION_FORMAT = dwarf;
				ENABLE_STRICT_OBJC_MSGSEND = YES;
				ENABLE_TESTABILITY = YES;
				GCC_C_LANGUAGE_STANDARD = gnu11;
				GCC_DYNAMIC_NO_PIC = NO;
				GCC_NO_COMMON_BLOCKS = YES;
				GCC_OPTIMIZATION_LEVEL = 0;
				GCC_PREPROCESSOR_DEFINITIONS = (
					"DEBUG=1",
					"$(inherited)",
				);
				GCC_WARN_64_TO_32_BIT_CONVERSION = YES;
				GCC_WARN_ABOUT_RETURN_TYPE = YES_ERROR;
				GCC_WARN_UNDECLARED_SELECTOR = YES;
				GCC_WARN_UNINITIALIZED_AUTOS = YES_AGGRESSIVE;
				GCC_WARN_UNUSED_FUNCTION = YES;
				GCC_WARN_UNUSED_VARIABLE = YES;
				IPHONEOS_DEPLOYMENT_TARGET = 13.0;
				MTL_ENABLE_DEBUG_INFO = INCLUDE_SOURCE;
				MTL_FAST_MATH = YES;
				ONLY_ACTIVE_ARCH = YES;
				SDKROOT = iphoneos;
				SWIFT_ACTIVE_COMPILATION_CONDITIONS = DEBUG;
				SWIFT_OPTIMIZATION_LEVEL = "-Onone";
			};
			name = Debug;
		};
		7266A3B2263F319B00B509AE /* Release */ = {
			isa = XCBuildConfiguration;
			buildSettings = {
				ALWAYS_SEARCH_USER_PATHS = NO;
				CLANG_ANALYZER_NONNULL = YES;
				CLANG_ANALYZER_NUMBER_OBJECT_CONVERSION = YES_AGGRESSIVE;
				CLANG_CXX_LANGUAGE_STANDARD = "gnu++14";
				CLANG_CXX_LIBRARY = "libc++";
				CLANG_ENABLE_MODULES = YES;
				CLANG_ENABLE_OBJC_ARC = YES;
				CLANG_ENABLE_OBJC_WEAK = YES;
				CLANG_WARN_BLOCK_CAPTURE_AUTORELEASING = YES;
				CLANG_WARN_BOOL_CONVERSION = YES;
				CLANG_WARN_COMMA = YES;
				CLANG_WARN_CONSTANT_CONVERSION = YES;
				CLANG_WARN_DEPRECATED_OBJC_IMPLEMENTATIONS = YES;
				CLANG_WARN_DIRECT_OBJC_ISA_USAGE = YES_ERROR;
				CLANG_WARN_DOCUMENTATION_COMMENTS = YES;
				CLANG_WARN_EMPTY_BODY = YES;
				CLANG_WARN_ENUM_CONVERSION = YES;
				CLANG_WARN_INFINITE_RECURSION = YES;
				CLANG_WARN_INT_CONVERSION = YES;
				CLANG_WARN_NON_LITERAL_NULL_CONVERSION = YES;
				CLANG_WARN_OBJC_IMPLICIT_RETAIN_SELF = YES;
				CLANG_WARN_OBJC_LITERAL_CONVERSION = YES;
				CLANG_WARN_OBJC_ROOT_CLASS = YES_ERROR;
				CLANG_WARN_QUOTED_INCLUDE_IN_FRAMEWORK_HEADER = YES;
				CLANG_WARN_RANGE_LOOP_ANALYSIS = YES;
				CLANG_WARN_STRICT_PROTOTYPES = YES;
				CLANG_WARN_SUSPICIOUS_MOVE = YES;
				CLANG_WARN_UNGUARDED_AVAILABILITY = YES_AGGRESSIVE;
				CLANG_WARN_UNREACHABLE_CODE = YES;
				CLANG_WARN__DUPLICATE_METHOD_MATCH = YES;
				COPY_PHASE_STRIP = NO;
				DEBUG_INFORMATION_FORMAT = "dwarf-with-dsym";
				ENABLE_NS_ASSERTIONS = NO;
				ENABLE_STRICT_OBJC_MSGSEND = YES;
				GCC_C_LANGUAGE_STANDARD = gnu11;
				GCC_NO_COMMON_BLOCKS = YES;
				GCC_WARN_64_TO_32_BIT_CONVERSION = YES;
				GCC_WARN_ABOUT_RETURN_TYPE = YES_ERROR;
				GCC_WARN_UNDECLARED_SELECTOR = YES;
				GCC_WARN_UNINITIALIZED_AUTOS = YES_AGGRESSIVE;
				GCC_WARN_UNUSED_FUNCTION = YES;
				GCC_WARN_UNUSED_VARIABLE = YES;
				IPHONEOS_DEPLOYMENT_TARGET = 13.0;
				MTL_ENABLE_DEBUG_INFO = NO;
				MTL_FAST_MATH = YES;
				SDKROOT = iphoneos;
				SWIFT_COMPILATION_MODE = wholemodule;
				SWIFT_OPTIMIZATION_LEVEL = "-O";
				VALIDATE_PRODUCT = YES;
			};
			name = Release;
		};
		7266A3B4263F319B00B509AE /* Debug */ = {
			isa = XCBuildConfiguration;
			buildSettings = {
				ASSETCATALOG_COMPILER_APPICON_NAME = AppIcon;
				ASSETCATALOG_COMPILER_GLOBAL_ACCENT_COLOR_NAME = AccentColor;
				CODE_SIGN_STYLE = Automatic;
				DEVELOPMENT_TEAM = DN7L5S93R6;
				INFOPLIST_FILE = TZSolvelt/Info.plist;
				LD_RUNPATH_SEARCH_PATHS = (
					"$(inherited)",
					"@executable_path/Frameworks",
				);
				PRODUCT_BUNDLE_IDENTIFIER = com.padhaisky.solvelt.TZSolvelt;
				PRODUCT_NAME = "$(TARGET_NAME)";
				SWIFT_VERSION = 5.0;
				TARGETED_DEVICE_FAMILY = 1;
			};
			name = Debug;
		};
		7266A3B5263F319B00B509AE /* Release */ = {
			isa = XCBuildConfiguration;
			buildSettings = {
				ASSETCATALOG_COMPILER_APPICON_NAME = AppIcon;
				ASSETCATALOG_COMPILER_GLOBAL_ACCENT_COLOR_NAME = AccentColor;
				CODE_SIGN_STYLE = Automatic;
				DEVELOPMENT_TEAM = DN7L5S93R6;
				INFOPLIST_FILE = TZSolvelt/Info.plist;
				LD_RUNPATH_SEARCH_PATHS = (
					"$(inherited)",
					"@executable_path/Frameworks",
				);
				PRODUCT_BUNDLE_IDENTIFIER = com.padhaisky.solvelt.TZSolvelt;
				PRODUCT_NAME = "$(TARGET_NAME)";
				SWIFT_VERSION = 5.0;
				TARGETED_DEVICE_FAMILY = 1;
			};
			name = Release;
		};
/* End XCBuildConfiguration section */

/* Begin XCConfigurationList section */
		7266A39A263F319500B509AE /* Build configuration list for PBXProject "TZSolvelt" */ = {
			isa = XCConfigurationList;
			buildConfigurations = (
				7266A3B1263F319B00B509AE /* Debug */,
				7266A3B2263F319B00B509AE /* Release */,
			);
			defaultConfigurationIsVisible = 0;
			defaultConfigurationName = Release;
		};
		7266A3B3263F319B00B509AE /* Build configuration list for PBXNativeTarget "TZSolvelt" */ = {
			isa = XCConfigurationList;
			buildConfigurations = (
				7266A3B4263F319B00B509AE /* Debug */,
				7266A3B5263F319B00B509AE /* Release */,
			);
			defaultConfigurationIsVisible = 0;
			defaultConfigurationName = Release;
		};
/* End XCConfigurationList section */
	};
	rootObject = 7266A397263F319500B509AE /* Project object */;
}
